
Microsoft Visual Studio Solution File, Format Version 12.00
# Visual Studio 15
VisualStudioVersion = 15.0.27703.2000
MinimumVisualStudioVersion = 10.0.40219.1
Project("{2150E333-8FDC-42A3-9474-1A3956D46DE8}") = "Src", "Src", "{4A87B759-6B77-4AAB-8BE8-7F10072DB9EF}"
EndProject
Project("{2150E333-8FDC-42A3-9474-1A3956D46DE8}") = "Tests", "Tests", "{68179370-F83B-4C53-8BB7-683F9FF92C28}"
EndProject
Project("{9A19103F-16F7-4668-BE54-9A1E7A4F7556}") = "TyreKlicker.XF.Core", "TyreKlicker.XF\TyreClicker.XF.Core\TyreKlicker.XF.Core.csproj", "{412C35AC-1AA5-4AF2-BECA-F5780A4C40AE}"
EndProject
Project("{FAE04EC0-301F-11D3-BF4B-00C04F79EFBC}") = "TyreKlicker.XF.Droid", "TyreKlicker.XF\TyreKlicker.XF.Droid\TyreKlicker.XF.Droid.csproj", "{586374D6-A24A-4F3C-9BB2-B1D57426B7E9}"
EndProject
Project("{FAE04EC0-301F-11D3-BF4B-00C04F79EFBC}") = "TyreKlicker.XF.iOS", "TyreKlicker.XF\TyreKlicker.XF.iOS\TyreKlicker.XF.iOS.csproj", "{38CFB745-0C49-45CE-966A-8E9FBDE4A2A3}"
EndProject
Project("{FAE04EC0-301F-11D3-BF4B-00C04F79EFBC}") = "TyreClicker.XF.UnitTests", "TyreKlicker.XF\TyreKlicker.XF.UnitTests\TyreClicker.XF.UnitTests.csproj", "{FAC6DD15-E1F7-4ED9-9428-BFEA3DC227EF}"
EndProject
Project("{FAE04EC0-301F-11D3-BF4B-00C04F79EFBC}") = "TyreKlicker.XF.UITests", "TyreKlicker.XF\TyreKlicker.XF.UITests\TyreKlicker.XF.UITests.csproj", "{B23DD1C8-45A3-4631-8B98-273F9016954C}"
EndProject
Global
	GlobalSection(SolutionConfigurationPlatforms) = preSolution
		Ad-Hoc|Any CPU = Ad-Hoc|Any CPU
		Ad-Hoc|ARM = Ad-Hoc|ARM
		Ad-Hoc|iPhone = Ad-Hoc|iPhone
		Ad-Hoc|iPhoneSimulator = Ad-Hoc|iPhoneSimulator
		Ad-Hoc|x64 = Ad-Hoc|x64
		Ad-Hoc|x86 = Ad-Hoc|x86
		AppStore|Any CPU = AppStore|Any CPU
		AppStore|ARM = AppStore|ARM
		AppStore|iPhone = AppStore|iPhone
		AppStore|iPhoneSimulator = AppStore|iPhoneSimulator
		AppStore|x64 = AppStore|x64
		AppStore|x86 = AppStore|x86
		Debug|Any CPU = Debug|Any CPU
		Debug|ARM = Debug|ARM
		Debug|iPhone = Debug|iPhone
		Debug|iPhoneSimulator = Debug|iPhoneSimulator
		Debug|x64 = Debug|x64
		Debug|x86 = Debug|x86
		Release|Any CPU = Release|Any CPU
		Release|ARM = Release|ARM
		Release|iPhone = Release|iPhone
		Release|iPhoneSimulator = Release|iPhoneSimulator
		Release|x64 = Release|x64
		Release|x86 = Release|x86
	EndGlobalSection
	GlobalSection(ProjectConfigurationPlatforms) = postSolution
		{412C35AC-1AA5-4AF2-BECA-F5780A4C40AE}.Ad-Hoc|Any CPU.ActiveCfg = Debug|Any CPU
		{412C35AC-1AA5-4AF2-BECA-F5780A4C40AE}.Ad-Hoc|Any CPU.Build.0 = Debug|Any CPU
		{412C35AC-1AA5-4AF2-BECA-F5780A4C40AE}.Ad-Hoc|ARM.ActiveCfg = Debug|Any CPU
		{412C35AC-1AA5-4AF2-BECA-F5780A4C40AE}.Ad-Hoc|ARM.Build.0 = Debug|Any CPU
		{412C35AC-1AA5-4AF2-BECA-F5780A4C40AE}.Ad-Hoc|iPhone.ActiveCfg = Debug|Any CPU
		{412C35AC-1AA5-4AF2-BECA-F5780A4C40AE}.Ad-Hoc|iPhone.Build.0 = Debug|Any CPU
		{412C35AC-1AA5-4AF2-BECA-F5780A4C40AE}.Ad-Hoc|iPhoneSimulator.ActiveCfg = Debug|Any CPU
		{412C35AC-1AA5-4AF2-BECA-F5780A4C40AE}.Ad-Hoc|iPhoneSimulator.Build.0 = Debug|Any CPU
		{412C35AC-1AA5-4AF2-BECA-F5780A4C40AE}.Ad-Hoc|x64.ActiveCfg = Debug|Any CPU
		{412C35AC-1AA5-4AF2-BECA-F5780A4C40AE}.Ad-Hoc|x64.Build.0 = Debug|Any CPU
		{412C35AC-1AA5-4AF2-BECA-F5780A4C40AE}.Ad-Hoc|x86.ActiveCfg = Debug|Any CPU
		{412C35AC-1AA5-4AF2-BECA-F5780A4C40AE}.Ad-Hoc|x86.Build.0 = Debug|Any CPU
		{412C35AC-1AA5-4AF2-BECA-F5780A4C40AE}.AppStore|Any CPU.ActiveCfg = Debug|Any CPU
		{412C35AC-1AA5-4AF2-BECA-F5780A4C40AE}.AppStore|Any CPU.Build.0 = Debug|Any CPU
		{412C35AC-1AA5-4AF2-BECA-F5780A4C40AE}.AppStore|ARM.ActiveCfg = Debug|Any CPU
		{412C35AC-1AA5-4AF2-BECA-F5780A4C40AE}.AppStore|ARM.Build.0 = Debug|Any CPU
		{412C35AC-1AA5-4AF2-BECA-F5780A4C40AE}.AppStore|iPhone.ActiveCfg = Debug|Any CPU
		{412C35AC-1AA5-4AF2-BECA-F5780A4C40AE}.AppStore|iPhone.Build.0 = Debug|Any CPU
		{412C35AC-1AA5-4AF2-BECA-F5780A4C40AE}.AppStore|iPhoneSimulator.ActiveCfg = Debug|Any CPU
		{412C35AC-1AA5-4AF2-BECA-F5780A4C40AE}.AppStore|iPhoneSimulator.Build.0 = Debug|Any CPU
		{412C35AC-1AA5-4AF2-BECA-F5780A4C40AE}.AppStore|x64.ActiveCfg = Debug|Any CPU
		{412C35AC-1AA5-4AF2-BECA-F5780A4C40AE}.AppStore|x64.Build.0 = Debug|Any CPU
		{412C35AC-1AA5-4AF2-BECA-F5780A4C40AE}.AppStore|x86.ActiveCfg = Debug|Any CPU
		{412C35AC-1AA5-4AF2-BECA-F5780A4C40AE}.AppStore|x86.Build.0 = Debug|Any CPU
		{412C35AC-1AA5-4AF2-BECA-F5780A4C40AE}.Debug|Any CPU.ActiveCfg = Debug|Any CPU
		{412C35AC-1AA5-4AF2-BECA-F5780A4C40AE}.Debug|Any CPU.Build.0 = Debug|Any CPU
		{412C35AC-1AA5-4AF2-BECA-F5780A4C40AE}.Debug|ARM.ActiveCfg = Debug|Any CPU
		{412C35AC-1AA5-4AF2-BECA-F5780A4C40AE}.Debug|ARM.Build.0 = Debug|Any CPU
		{412C35AC-1AA5-4AF2-BECA-F5780A4C40AE}.Debug|iPhone.ActiveCfg = Debug|Any CPU
		{412C35AC-1AA5-4AF2-BECA-F5780A4C40AE}.Debug|iPhone.Build.0 = Debug|Any CPU
		{412C35AC-1AA5-4AF2-BECA-F5780A4C40AE}.Debug|iPhoneSimulator.ActiveCfg = Debug|Any CPU
		{412C35AC-1AA5-4AF2-BECA-F5780A4C40AE}.Debug|iPhoneSimulator.Build.0 = Debug|Any CPU
		{412C35AC-1AA5-4AF2-BECA-F5780A4C40AE}.Debug|x64.ActiveCfg = Debug|Any CPU
		{412C35AC-1AA5-4AF2-BECA-F5780A4C40AE}.Debug|x64.Build.0 = Debug|Any CPU
		{412C35AC-1AA5-4AF2-BECA-F5780A4C40AE}.Debug|x86.ActiveCfg = Debug|Any CPU
		{412C35AC-1AA5-4AF2-BECA-F5780A4C40AE}.Debug|x86.Build.0 = Debug|Any CPU
		{412C35AC-1AA5-4AF2-BECA-F5780A4C40AE}.Release|Any CPU.ActiveCfg = Release|Any CPU
		{412C35AC-1AA5-4AF2-BECA-F5780A4C40AE}.Release|Any CPU.Build.0 = Release|Any CPU
		{412C35AC-1AA5-4AF2-BECA-F5780A4C40AE}.Release|ARM.ActiveCfg = Release|Any CPU
		{412C35AC-1AA5-4AF2-BECA-F5780A4C40AE}.Release|ARM.Build.0 = Release|Any CPU
		{412C35AC-1AA5-4AF2-BECA-F5780A4C40AE}.Release|iPhone.ActiveCfg = Release|Any CPU
		{412C35AC-1AA5-4AF2-BECA-F5780A4C40AE}.Release|iPhone.Build.0 = Release|Any CPU
		{412C35AC-1AA5-4AF2-BECA-F5780A4C40AE}.Release|iPhoneSimulator.ActiveCfg = Release|Any CPU
		{412C35AC-1AA5-4AF2-BECA-F5780A4C40AE}.Release|iPhoneSimulator.Build.0 = Release|Any CPU
		{412C35AC-1AA5-4AF2-BECA-F5780A4C40AE}.Release|x64.ActiveCfg = Release|Any CPU
		{412C35AC-1AA5-4AF2-BECA-F5780A4C40AE}.Release|x64.Build.0 = Release|Any CPU
		{412C35AC-1AA5-4AF2-BECA-F5780A4C40AE}.Release|x86.ActiveCfg = Release|Any CPU
		{412C35AC-1AA5-4AF2-BECA-F5780A4C40AE}.Release|x86.Build.0 = Release|Any CPU
		{586374D6-A24A-4F3C-9BB2-B1D57426B7E9}.Ad-Hoc|Any CPU.ActiveCfg = Release|Any CPU
		{586374D6-A24A-4F3C-9BB2-B1D57426B7E9}.Ad-Hoc|Any CPU.Build.0 = Release|Any CPU
		{586374D6-A24A-4F3C-9BB2-B1D57426B7E9}.Ad-Hoc|Any CPU.Deploy.0 = Release|Any CPU
		{586374D6-A24A-4F3C-9BB2-B1D57426B7E9}.Ad-Hoc|ARM.ActiveCfg = Release|Any CPU
		{586374D6-A24A-4F3C-9BB2-B1D57426B7E9}.Ad-Hoc|ARM.Build.0 = Release|Any CPU
		{586374D6-A24A-4F3C-9BB2-B1D57426B7E9}.Ad-Hoc|ARM.Deploy.0 = Release|Any CPU
		{586374D6-A24A-4F3C-9BB2-B1D57426B7E9}.Ad-Hoc|iPhone.ActiveCfg = Release|Any CPU
		{586374D6-A24A-4F3C-9BB2-B1D57426B7E9}.Ad-Hoc|iPhone.Build.0 = Release|Any CPU
		{586374D6-A24A-4F3C-9BB2-B1D57426B7E9}.Ad-Hoc|iPhone.Deploy.0 = Release|Any CPU
		{586374D6-A24A-4F3C-9BB2-B1D57426B7E9}.Ad-Hoc|iPhoneSimulator.ActiveCfg = Release|Any CPU
		{586374D6-A24A-4F3C-9BB2-B1D57426B7E9}.Ad-Hoc|iPhoneSimulator.Build.0 = Release|Any CPU
		{586374D6-A24A-4F3C-9BB2-B1D57426B7E9}.Ad-Hoc|iPhoneSimulator.Deploy.0 = Release|Any CPU
		{586374D6-A24A-4F3C-9BB2-B1D57426B7E9}.Ad-Hoc|x64.ActiveCfg = Release|Any CPU
		{586374D6-A24A-4F3C-9BB2-B1D57426B7E9}.Ad-Hoc|x64.Build.0 = Release|Any CPU
		{586374D6-A24A-4F3C-9BB2-B1D57426B7E9}.Ad-Hoc|x64.Deploy.0 = Release|Any CPU
		{586374D6-A24A-4F3C-9BB2-B1D57426B7E9}.Ad-Hoc|x86.ActiveCfg = Release|Any CPU
		{586374D6-A24A-4F3C-9BB2-B1D57426B7E9}.Ad-Hoc|x86.Build.0 = Release|Any CPU
		{586374D6-A24A-4F3C-9BB2-B1D57426B7E9}.Ad-Hoc|x86.Deploy.0 = Release|Any CPU
		{586374D6-A24A-4F3C-9BB2-B1D57426B7E9}.AppStore|Any CPU.ActiveCfg = Release|Any CPU
		{586374D6-A24A-4F3C-9BB2-B1D57426B7E9}.AppStore|Any CPU.Build.0 = Release|Any CPU
		{586374D6-A24A-4F3C-9BB2-B1D57426B7E9}.AppStore|Any CPU.Deploy.0 = Release|Any CPU
		{586374D6-A24A-4F3C-9BB2-B1D57426B7E9}.AppStore|ARM.ActiveCfg = Release|Any CPU
		{586374D6-A24A-4F3C-9BB2-B1D57426B7E9}.AppStore|ARM.Build.0 = Release|Any CPU
		{586374D6-A24A-4F3C-9BB2-B1D57426B7E9}.AppStore|ARM.Deploy.0 = Release|Any CPU
		{586374D6-A24A-4F3C-9BB2-B1D57426B7E9}.AppStore|iPhone.ActiveCfg = Release|Any CPU
		{586374D6-A24A-4F3C-9BB2-B1D57426B7E9}.AppStore|iPhone.Build.0 = Release|Any CPU
		{586374D6-A24A-4F3C-9BB2-B1D57426B7E9}.AppStore|iPhone.Deploy.0 = Release|Any CPU
		{586374D6-A24A-4F3C-9BB2-B1D57426B7E9}.AppStore|iPhoneSimulator.ActiveCfg = Release|Any CPU
		{586374D6-A24A-4F3C-9BB2-B1D57426B7E9}.AppStore|iPhoneSimulator.Build.0 = Release|Any CPU
		{586374D6-A24A-4F3C-9BB2-B1D57426B7E9}.AppStore|iPhoneSimulator.Deploy.0 = Release|Any CPU
		{586374D6-A24A-4F3C-9BB2-B1D57426B7E9}.AppStore|x64.ActiveCfg = Release|Any CPU
		{586374D6-A24A-4F3C-9BB2-B1D57426B7E9}.AppStore|x64.Build.0 = Release|Any CPU
		{586374D6-A24A-4F3C-9BB2-B1D57426B7E9}.AppStore|x64.Deploy.0 = Release|Any CPU
		{586374D6-A24A-4F3C-9BB2-B1D57426B7E9}.AppStore|x86.ActiveCfg = Release|Any CPU
		{586374D6-A24A-4F3C-9BB2-B1D57426B7E9}.AppStore|x86.Build.0 = Release|Any CPU
		{586374D6-A24A-4F3C-9BB2-B1D57426B7E9}.AppStore|x86.Deploy.0 = Release|Any CPU
		{586374D6-A24A-4F3C-9BB2-B1D57426B7E9}.Debug|Any CPU.ActiveCfg = Debug|Any CPU
		{586374D6-A24A-4F3C-9BB2-B1D57426B7E9}.Debug|Any CPU.Build.0 = Debug|Any CPU
		{586374D6-A24A-4F3C-9BB2-B1D57426B7E9}.Debug|Any CPU.Deploy.0 = Debug|Any CPU
		{586374D6-A24A-4F3C-9BB2-B1D57426B7E9}.Debug|ARM.ActiveCfg = Debug|Any CPU
		{586374D6-A24A-4F3C-9BB2-B1D57426B7E9}.Debug|ARM.Build.0 = Debug|Any CPU
		{586374D6-A24A-4F3C-9BB2-B1D57426B7E9}.Debug|ARM.Deploy.0 = Debug|Any CPU
		{586374D6-A24A-4F3C-9BB2-B1D57426B7E9}.Debug|iPhone.ActiveCfg = Debug|Any CPU
		{586374D6-A24A-4F3C-9BB2-B1D57426B7E9}.Debug|iPhone.Build.0 = Debug|Any CPU
		{586374D6-A24A-4F3C-9BB2-B1D57426B7E9}.Debug|iPhone.Deploy.0 = Debug|Any CPU
		{586374D6-A24A-4F3C-9BB2-B1D57426B7E9}.Debug|iPhoneSimulator.ActiveCfg = Debug|Any CPU
		{586374D6-A24A-4F3C-9BB2-B1D57426B7E9}.Debug|iPhoneSimulator.Build.0 = Debug|Any CPU
		{586374D6-A24A-4F3C-9BB2-B1D57426B7E9}.Debug|iPhoneSimulator.Deploy.0 = Debug|Any CPU
		{586374D6-A24A-4F3C-9BB2-B1D57426B7E9}.Debug|x64.ActiveCfg = Debug|Any CPU
		{586374D6-A24A-4F3C-9BB2-B1D57426B7E9}.Debug|x64.Build.0 = Debug|Any CPU
		{586374D6-A24A-4F3C-9BB2-B1D57426B7E9}.Debug|x64.Deploy.0 = Debug|Any CPU
		{586374D6-A24A-4F3C-9BB2-B1D57426B7E9}.Debug|x86.ActiveCfg = Debug|Any CPU
		{586374D6-A24A-4F3C-9BB2-B1D57426B7E9}.Debug|x86.Build.0 = Debug|Any CPU
		{586374D6-A24A-4F3C-9BB2-B1D57426B7E9}.Debug|x86.Deploy.0 = Debug|Any CPU
		{586374D6-A24A-4F3C-9BB2-B1D57426B7E9}.Release|Any CPU.ActiveCfg = Release|Any CPU
		{586374D6-A24A-4F3C-9BB2-B1D57426B7E9}.Release|Any CPU.Build.0 = Release|Any CPU
		{586374D6-A24A-4F3C-9BB2-B1D57426B7E9}.Release|Any CPU.Deploy.0 = Release|Any CPU
		{586374D6-A24A-4F3C-9BB2-B1D57426B7E9}.Release|ARM.ActiveCfg = Release|Any CPU
		{586374D6-A24A-4F3C-9BB2-B1D57426B7E9}.Release|ARM.Build.0 = Release|Any CPU
		{586374D6-A24A-4F3C-9BB2-B1D57426B7E9}.Release|ARM.Deploy.0 = Release|Any CPU
		{586374D6-A24A-4F3C-9BB2-B1D57426B7E9}.Release|iPhone.ActiveCfg = Release|Any CPU
		{586374D6-A24A-4F3C-9BB2-B1D57426B7E9}.Release|iPhone.Build.0 = Release|Any CPU
		{586374D6-A24A-4F3C-9BB2-B1D57426B7E9}.Release|iPhone.Deploy.0 = Release|Any CPU
		{586374D6-A24A-4F3C-9BB2-B1D57426B7E9}.Release|iPhoneSimulator.ActiveCfg = Release|Any CPU
		{586374D6-A24A-4F3C-9BB2-B1D57426B7E9}.Release|iPhoneSimulator.Build.0 = Release|Any CPU
		{586374D6-A24A-4F3C-9BB2-B1D57426B7E9}.Release|iPhoneSimulator.Deploy.0 = Release|Any CPU
		{586374D6-A24A-4F3C-9BB2-B1D57426B7E9}.Release|x64.ActiveCfg = Release|Any CPU
		{586374D6-A24A-4F3C-9BB2-B1D57426B7E9}.Release|x64.Build.0 = Release|Any CPU
		{586374D6-A24A-4F3C-9BB2-B1D57426B7E9}.Release|x64.Deploy.0 = Release|Any CPU
		{586374D6-A24A-4F3C-9BB2-B1D57426B7E9}.Release|x86.ActiveCfg = Release|Any CPU
		{586374D6-A24A-4F3C-9BB2-B1D57426B7E9}.Release|x86.Build.0 = Release|Any CPU
		{586374D6-A24A-4F3C-9BB2-B1D57426B7E9}.Release|x86.Deploy.0 = Release|Any CPU
		{38CFB745-0C49-45CE-966A-8E9FBDE4A2A3}.Ad-Hoc|Any CPU.ActiveCfg = Ad-Hoc|iPhone
		{38CFB745-0C49-45CE-966A-8E9FBDE4A2A3}.Ad-Hoc|ARM.ActiveCfg = Ad-Hoc|iPhone
		{38CFB745-0C49-45CE-966A-8E9FBDE4A2A3}.Ad-Hoc|iPhone.ActiveCfg = Ad-Hoc|iPhone
		{38CFB745-0C49-45CE-966A-8E9FBDE4A2A3}.Ad-Hoc|iPhone.Build.0 = Ad-Hoc|iPhone
		{38CFB745-0C49-45CE-966A-8E9FBDE4A2A3}.Ad-Hoc|iPhoneSimulator.ActiveCfg = Ad-Hoc|iPhoneSimulator
		{38CFB745-0C49-45CE-966A-8E9FBDE4A2A3}.Ad-Hoc|iPhoneSimulator.Build.0 = Ad-Hoc|iPhoneSimulator
		{38CFB745-0C49-45CE-966A-8E9FBDE4A2A3}.Ad-Hoc|x64.ActiveCfg = Ad-Hoc|iPhone
		{38CFB745-0C49-45CE-966A-8E9FBDE4A2A3}.Ad-Hoc|x86.ActiveCfg = Ad-Hoc|iPhone
		{38CFB745-0C49-45CE-966A-8E9FBDE4A2A3}.AppStore|Any CPU.ActiveCfg = AppStore|iPhone
		{38CFB745-0C49-45CE-966A-8E9FBDE4A2A3}.AppStore|ARM.ActiveCfg = AppStore|iPhone
		{38CFB745-0C49-45CE-966A-8E9FBDE4A2A3}.AppStore|iPhone.ActiveCfg = AppStore|iPhone
		{38CFB745-0C49-45CE-966A-8E9FBDE4A2A3}.AppStore|iPhone.Build.0 = AppStore|iPhone
		{38CFB745-0C49-45CE-966A-8E9FBDE4A2A3}.AppStore|iPhoneSimulator.ActiveCfg = AppStore|iPhoneSimulator
		{38CFB745-0C49-45CE-966A-8E9FBDE4A2A3}.AppStore|iPhoneSimulator.Build.0 = AppStore|iPhoneSimulator
		{38CFB745-0C49-45CE-966A-8E9FBDE4A2A3}.AppStore|x64.ActiveCfg = AppStore|iPhone
		{38CFB745-0C49-45CE-966A-8E9FBDE4A2A3}.AppStore|x86.ActiveCfg = AppStore|iPhone
		{38CFB745-0C49-45CE-966A-8E9FBDE4A2A3}.Debug|Any CPU.ActiveCfg = Debug|iPhone
		{38CFB745-0C49-45CE-966A-8E9FBDE4A2A3}.Debug|ARM.ActiveCfg = Debug|iPhone
		{38CFB745-0C49-45CE-966A-8E9FBDE4A2A3}.Debug|iPhone.ActiveCfg = Debug|iPhone
		{38CFB745-0C49-45CE-966A-8E9FBDE4A2A3}.Debug|iPhone.Build.0 = Debug|iPhone
		{38CFB745-0C49-45CE-966A-8E9FBDE4A2A3}.Debug|iPhoneSimulator.ActiveCfg = Debug|iPhoneSimulator
		{38CFB745-0C49-45CE-966A-8E9FBDE4A2A3}.Debug|iPhoneSimulator.Build.0 = Debug|iPhoneSimulator
		{38CFB745-0C49-45CE-966A-8E9FBDE4A2A3}.Debug|x64.ActiveCfg = Debug|iPhone
		{38CFB745-0C49-45CE-966A-8E9FBDE4A2A3}.Debug|x86.ActiveCfg = Debug|iPhone
		{38CFB745-0C49-45CE-966A-8E9FBDE4A2A3}.Release|Any CPU.ActiveCfg = Release|iPhone
		{38CFB745-0C49-45CE-966A-8E9FBDE4A2A3}.Release|ARM.ActiveCfg = Release|iPhone
		{38CFB745-0C49-45CE-966A-8E9FBDE4A2A3}.Release|iPhone.ActiveCfg = Release|iPhone
		{38CFB745-0C49-45CE-966A-8E9FBDE4A2A3}.Release|iPhone.Build.0 = Release|iPhone
		{38CFB745-0C49-45CE-966A-8E9FBDE4A2A3}.Release|iPhoneSimulator.ActiveCfg = Release|iPhoneSimulator
		{38CFB745-0C49-45CE-966A-8E9FBDE4A2A3}.Release|iPhoneSimulator.Build.0 = Release|iPhoneSimulator
		{38CFB745-0C49-45CE-966A-8E9FBDE4A2A3}.Release|x64.ActiveCfg = Release|iPhone
		{38CFB745-0C49-45CE-966A-8E9FBDE4A2A3}.Release|x86.ActiveCfg = Release|iPhone
		{FAC6DD15-E1F7-4ED9-9428-BFEA3DC227EF}.Ad-Hoc|Any CPU.ActiveCfg = Release|Any CPU
		{FAC6DD15-E1F7-4ED9-9428-BFEA3DC227EF}.Ad-Hoc|Any CPU.Build.0 = Release|Any CPU
		{FAC6DD15-E1F7-4ED9-9428-BFEA3DC227EF}.Ad-Hoc|ARM.ActiveCfg = Release|Any CPU
		{FAC6DD15-E1F7-4ED9-9428-BFEA3DC227EF}.Ad-Hoc|ARM.Build.0 = Release|Any CPU
		{FAC6DD15-E1F7-4ED9-9428-BFEA3DC227EF}.Ad-Hoc|iPhone.ActiveCfg = Release|Any CPU
		{FAC6DD15-E1F7-4ED9-9428-BFEA3DC227EF}.Ad-Hoc|iPhone.Build.0 = Release|Any CPU
		{FAC6DD15-E1F7-4ED9-9428-BFEA3DC227EF}.Ad-Hoc|iPhoneSimulator.ActiveCfg = Release|Any CPU
		{FAC6DD15-E1F7-4ED9-9428-BFEA3DC227EF}.Ad-Hoc|iPhoneSimulator.Build.0 = Release|Any CPU
		{FAC6DD15-E1F7-4ED9-9428-BFEA3DC227EF}.Ad-Hoc|x64.ActiveCfg = Release|Any CPU
		{FAC6DD15-E1F7-4ED9-9428-BFEA3DC227EF}.Ad-Hoc|x64.Build.0 = Release|Any CPU
		{FAC6DD15-E1F7-4ED9-9428-BFEA3DC227EF}.Ad-Hoc|x86.ActiveCfg = Release|Any CPU
		{FAC6DD15-E1F7-4ED9-9428-BFEA3DC227EF}.Ad-Hoc|x86.Build.0 = Release|Any CPU
		{FAC6DD15-E1F7-4ED9-9428-BFEA3DC227EF}.AppStore|Any CPU.ActiveCfg = Release|Any CPU
		{FAC6DD15-E1F7-4ED9-9428-BFEA3DC227EF}.AppStore|Any CPU.Build.0 = Release|Any CPU
		{FAC6DD15-E1F7-4ED9-9428-BFEA3DC227EF}.AppStore|ARM.ActiveCfg = Release|Any CPU
		{FAC6DD15-E1F7-4ED9-9428-BFEA3DC227EF}.AppStore|ARM.Build.0 = Release|Any CPU
		{FAC6DD15-E1F7-4ED9-9428-BFEA3DC227EF}.AppStore|iPhone.ActiveCfg = Release|Any CPU
		{FAC6DD15-E1F7-4ED9-9428-BFEA3DC227EF}.AppStore|iPhone.Build.0 = Release|Any CPU
		{FAC6DD15-E1F7-4ED9-9428-BFEA3DC227EF}.AppStore|iPhoneSimulator.ActiveCfg = Release|Any CPU
		{FAC6DD15-E1F7-4ED9-9428-BFEA3DC227EF}.AppStore|iPhoneSimulator.Build.0 = Release|Any CPU
		{FAC6DD15-E1F7-4ED9-9428-BFEA3DC227EF}.AppStore|x64.ActiveCfg = Release|Any CPU
		{FAC6DD15-E1F7-4ED9-9428-BFEA3DC227EF}.AppStore|x64.Build.0 = Release|Any CPU
		{FAC6DD15-E1F7-4ED9-9428-BFEA3DC227EF}.AppStore|x86.ActiveCfg = Release|Any CPU
		{FAC6DD15-E1F7-4ED9-9428-BFEA3DC227EF}.AppStore|x86.Build.0 = Release|Any CPU
		{FAC6DD15-E1F7-4ED9-9428-BFEA3DC227EF}.Debug|Any CPU.ActiveCfg = Debug|Any CPU
		{FAC6DD15-E1F7-4ED9-9428-BFEA3DC227EF}.Debug|Any CPU.Build.0 = Debug|Any CPU
		{FAC6DD15-E1F7-4ED9-9428-BFEA3DC227EF}.Debug|ARM.ActiveCfg = Debug|Any CPU
		{FAC6DD15-E1F7-4ED9-9428-BFEA3DC227EF}.Debug|ARM.Build.0 = Debug|Any CPU
		{FAC6DD15-E1F7-4ED9-9428-BFEA3DC227EF}.Debug|iPhone.ActiveCfg = Debug|Any CPU
		{FAC6DD15-E1F7-4ED9-9428-BFEA3DC227EF}.Debug|iPhone.Build.0 = Debug|Any CPU
		{FAC6DD15-E1F7-4ED9-9428-BFEA3DC227EF}.Debug|iPhoneSimulator.ActiveCfg = Debug|Any CPU
		{FAC6DD15-E1F7-4ED9-9428-BFEA3DC227EF}.Debug|iPhoneSimulator.Build.0 = Debug|Any CPU
		{FAC6DD15-E1F7-4ED9-9428-BFEA3DC227EF}.Debug|x64.ActiveCfg = Debug|Any CPU
		{FAC6DD15-E1F7-4ED9-9428-BFEA3DC227EF}.Debug|x64.Build.0 = Debug|Any CPU
		{FAC6DD15-E1F7-4ED9-9428-BFEA3DC227EF}.Debug|x86.ActiveCfg = Debug|Any CPU
		{FAC6DD15-E1F7-4ED9-9428-BFEA3DC227EF}.Debug|x86.Build.0 = Debug|Any CPU
		{FAC6DD15-E1F7-4ED9-9428-BFEA3DC227EF}.Release|Any CPU.ActiveCfg = Release|Any CPU
		{FAC6DD15-E1F7-4ED9-9428-BFEA3DC227EF}.Release|Any CPU.Build.0 = Release|Any CPU
		{FAC6DD15-E1F7-4ED9-9428-BFEA3DC227EF}.Release|ARM.ActiveCfg = Release|Any CPU
		{FAC6DD15-E1F7-4ED9-9428-BFEA3DC227EF}.Release|ARM.Build.0 = Release|Any CPU
		{FAC6DD15-E1F7-4ED9-9428-BFEA3DC227EF}.Release|iPhone.ActiveCfg = Release|Any CPU
		{FAC6DD15-E1F7-4ED9-9428-BFEA3DC227EF}.Release|iPhone.Build.0 = Release|Any CPU
		{FAC6DD15-E1F7-4ED9-9428-BFEA3DC227EF}.Release|iPhoneSimulator.ActiveCfg = Release|Any CPU
		{FAC6DD15-E1F7-4ED9-9428-BFEA3DC227EF}.Release|iPhoneSimulator.Build.0 = Release|Any CPU
		{FAC6DD15-E1F7-4ED9-9428-BFEA3DC227EF}.Release|x64.ActiveCfg = Release|Any CPU
		{FAC6DD15-E1F7-4ED9-9428-BFEA3DC227EF}.Release|x64.Build.0 = Release|Any CPU
		{FAC6DD15-E1F7-4ED9-9428-BFEA3DC227EF}.Release|x86.ActiveCfg = Release|Any CPU
		{FAC6DD15-E1F7-4ED9-9428-BFEA3DC227EF}.Release|x86.Build.0 = Release|Any CPU
		{B23DD1C8-45A3-4631-8B98-273F9016954C}.Ad-Hoc|Any CPU.ActiveCfg = Release|Any CPU
		{B23DD1C8-45A3-4631-8B98-273F9016954C}.Ad-Hoc|Any CPU.Build.0 = Release|Any CPU
		{B23DD1C8-45A3-4631-8B98-273F9016954C}.Ad-Hoc|ARM.ActiveCfg = Release|Any CPU
		{B23DD1C8-45A3-4631-8B98-273F9016954C}.Ad-Hoc|ARM.Build.0 = Release|Any CPU
		{B23DD1C8-45A3-4631-8B98-273F9016954C}.Ad-Hoc|iPhone.ActiveCfg = Release|Any CPU
		{B23DD1C8-45A3-4631-8B98-273F9016954C}.Ad-Hoc|iPhone.Build.0 = Release|Any CPU
		{B23DD1C8-45A3-4631-8B98-273F9016954C}.Ad-Hoc|iPhoneSimulator.ActiveCfg = Release|Any CPU
		{B23DD1C8-45A3-4631-8B98-273F9016954C}.Ad-Hoc|iPhoneSimulator.Build.0 = Release|Any CPU
		{B23DD1C8-45A3-4631-8B98-273F9016954C}.Ad-Hoc|x64.ActiveCfg = Release|Any CPU
		{B23DD1C8-45A3-4631-8B98-273F9016954C}.Ad-Hoc|x64.Build.0 = Release|Any CPU
		{B23DD1C8-45A3-4631-8B98-273F9016954C}.Ad-Hoc|x86.ActiveCfg = Release|Any CPU
		{B23DD1C8-45A3-4631-8B98-273F9016954C}.Ad-Hoc|x86.Build.0 = Release|Any CPU
		{B23DD1C8-45A3-4631-8B98-273F9016954C}.AppStore|Any CPU.ActiveCfg = Release|Any CPU
		{B23DD1C8-45A3-4631-8B98-273F9016954C}.AppStore|Any CPU.Build.0 = Release|Any CPU
		{B23DD1C8-45A3-4631-8B98-273F9016954C}.AppStore|ARM.ActiveCfg = Release|Any CPU
		{B23DD1C8-45A3-4631-8B98-273F9016954C}.AppStore|ARM.Build.0 = Release|Any CPU
		{B23DD1C8-45A3-4631-8B98-273F9016954C}.AppStore|iPhone.ActiveCfg = Release|Any CPU
		{B23DD1C8-45A3-4631-8B98-273F9016954C}.AppStore|iPhone.Build.0 = Release|Any CPU
		{B23DD1C8-45A3-4631-8B98-273F9016954C}.AppStore|iPhoneSimulator.ActiveCfg = Release|Any CPU
		{B23DD1C8-45A3-4631-8B98-273F9016954C}.AppStore|iPhoneSimulator.Build.0 = Release|Any CPU
		{B23DD1C8-45A3-4631-8B98-273F9016954C}.AppStore|x64.ActiveCfg = Release|Any CPU
		{B23DD1C8-45A3-4631-8B98-273F9016954C}.AppStore|x64.Build.0 = Release|Any CPU
		{B23DD1C8-45A3-4631-8B98-273F9016954C}.AppStore|x86.ActiveCfg = Release|Any CPU
		{B23DD1C8-45A3-4631-8B98-273F9016954C}.AppStore|x86.Build.0 = Release|Any CPU
		{B23DD1C8-45A3-4631-8B98-273F9016954C}.Debug|Any CPU.ActiveCfg = Debug|Any CPU
		{B23DD1C8-45A3-4631-8B98-273F9016954C}.Debug|Any CPU.Build.0 = Debug|Any CPU
		{B23DD1C8-45A3-4631-8B98-273F9016954C}.Debug|ARM.ActiveCfg = Debug|Any CPU
		{B23DD1C8-45A3-4631-8B98-273F9016954C}.Debug|ARM.Build.0 = Debug|Any CPU
		{B23DD1C8-45A3-4631-8B98-273F9016954C}.Debug|iPhone.ActiveCfg = Debug|Any CPU
		{B23DD1C8-45A3-4631-8B98-273F9016954C}.Debug|iPhone.Build.0 = Debug|Any CPU
		{B23DD1C8-45A3-4631-8B98-273F9016954C}.Debug|iPhoneSimulator.ActiveCfg = Debug|Any CPU
		{B23DD1C8-45A3-4631-8B98-273F9016954C}.Debug|iPhoneSimulator.Build.0 = Debug|Any CPU
		{B23DD1C8-45A3-4631-8B98-273F9016954C}.Debug|x64.ActiveCfg = Debug|Any CPU
		{B23DD1C8-45A3-4631-8B98-273F9016954C}.Debug|x64.Build.0 = Debug|Any CPU
		{B23DD1C8-45A3-4631-8B98-273F9016954C}.Debug|x86.ActiveCfg = Debug|Any CPU
		{B23DD1C8-45A3-4631-8B98-273F9016954C}.Debug|x86.Build.0 = Debug|Any CPU
		{B23DD1C8-45A3-4631-8B98-273F9016954C}.Release|Any CPU.ActiveCfg = Release|Any CPU
		{B23DD1C8-45A3-4631-8B98-273F9016954C}.Release|Any CPU.Build.0 = Release|Any CPU
		{B23DD1C8-45A3-4631-8B98-273F9016954C}.Release|ARM.ActiveCfg = Release|Any CPU
		{B23DD1C8-45A3-4631-8B98-273F9016954C}.Release|ARM.Build.0 = Release|Any CPU
		{B23DD1C8-45A3-4631-8B98-273F9016954C}.Release|iPhone.ActiveCfg = Release|Any CPU
		{B23DD1C8-45A3-4631-8B98-273F9016954C}.Release|iPhone.Build.0 = Release|Any CPU
		{B23DD1C8-45A3-4631-8B98-273F9016954C}.Release|iPhoneSimulator.ActiveCfg = Release|Any CPU
		{B23DD1C8-45A3-4631-8B98-273F9016954C}.Release|iPhoneSimulator.Build.0 = Release|Any CPU
		{B23DD1C8-45A3-4631-8B98-273F9016954C}.Release|x64.ActiveCfg = Release|Any CPU
		{B23DD1C8-45A3-4631-8B98-273F9016954C}.Release|x64.Build.0 = Release|Any CPU
		{B23DD1C8-45A3-4631-8B98-273F9016954C}.Release|x86.ActiveCfg = Release|Any CPU
		{B23DD1C8-45A3-4631-8B98-273F9016954C}.Release|x86.Build.0 = Release|Any CPU
	EndGlobalSection
	GlobalSection(SolutionProperties) = preSolution
		HideSolutionNode = FALSE
	EndGlobalSection
	GlobalSection(NestedProjects) = preSolution
		{412C35AC-1AA5-4AF2-BECA-F5780A4C40AE} = {4A87B759-6B77-4AAB-8BE8-7F10072DB9EF}
		{586374D6-A24A-4F3C-9BB2-B1D57426B7E9} = {4A87B759-6B77-4AAB-8BE8-7F10072DB9EF}
		{38CFB745-0C49-45CE-966A-8E9FBDE4A2A3} = {4A87B759-6B77-4AAB-8BE8-7F10072DB9EF}
		{FAC6DD15-E1F7-4ED9-9428-BFEA3DC227EF} = {68179370-F83B-4C53-8BB7-683F9FF92C28}
		{B23DD1C8-45A3-4631-8B98-273F9016954C} = {68179370-F83B-4C53-8BB7-683F9FF92C28}
	EndGlobalSection
	GlobalSection(ExtensibilityGlobals) = postSolution
		SolutionGuid = {59CC8DDB-F7D0-4DD2-BB83-4CC4A05E6713}
	EndGlobalSection
EndGlobal
